
Microsoft Visual Studio Solution File, Format Version 12.00
# Visual Studio Version 17
VisualStudioVersion = 17.0.31912.275
MinimumVisualStudioVersion = 10.0.40219.1
Project("{FAE04EC0-301F-11D3-BF4B-00C04F79EFBC}") = "DnaSynthMonitor", "DnaSynthMonitor.csproj", "{E192DC09-356A-4930-AB61-A29B54F5D820}"
EndProject
Project("{2150E333-8FDC-42A3-9474-1A3956D46DE8}") = "Solution Items", "Solution Items", "{2120C26A-DE18-4F8C-B589-0926E5DE63A9}"
EndProject
Global
	GlobalSection(SolutionConfigurationPlatforms) = preSolution
		Debug|Any CPU = Debug|Any CPU
		Release|Any CPU = Release|Any CPU
	EndGlobalSection
	GlobalSection(ProjectConfigurationPlatforms) = postSolution
		{E192DC09-356A-4930-AB61-A29B54F5D820}.Debug|Any CPU.ActiveCfg = Debug|Any CPU
		{E192DC09-356A-4930-AB61-A29B54F5D820}.Debug|Any CPU.Build.0 = Debug|Any CPU
		{E192DC09-356A-4930-AB61-A29B54F5D820}.Release|Any CPU.ActiveCfg = Release|Any CPU
		{E192DC09-356A-4930-AB61-A29B54F5D820}.Release|Any CPU.Build.0 = Release|Any CPU
	EndGlobalSection
	GlobalSection(SolutionProperties) = preSolution
		HideSolutionNode = FALSE
	EndGlobalSection
	GlobalSection(ExtensibilityGlobals) = postSolution
		SolutionGuid = {BBB84EC3-B509-46EB-8D4F-75CBD01C155D}
	EndGlobalSection
EndGlobal
